// !$*UTF8*$!
{
	archiveVersion = 1;
	classes = {
	};
	objectVersion = 48;
	objects = {

/* Begin PBXBuildFile section */
		8803969620644D780020FD3D /* FeedConfigurator.swift in Sources */ = {isa = PBXBuildFile; fileRef = 8803969520644D780020FD3D /* FeedConfigurator.swift */; };
		8803969820644D8B0020FD3D /* FeedInteractor.swift in Sources */ = {isa = PBXBuildFile; fileRef = 8803969720644D8B0020FD3D /* FeedInteractor.swift */; };
		8803969A20644D9C0020FD3D /* FeedPresenter.swift in Sources */ = {isa = PBXBuildFile; fileRef = 8803969920644D9C0020FD3D /* FeedPresenter.swift */; };
		880396A7206456D40020FD3D /* NewsConfigurator.swift in Sources */ = {isa = PBXBuildFile; fileRef = 880396A6206456D40020FD3D /* NewsConfigurator.swift */; };
		880396A9206456E10020FD3D /* NewsPresenter.swift in Sources */ = {isa = PBXBuildFile; fileRef = 880396A8206456E10020FD3D /* NewsPresenter.swift */; };
		880396AB206456EE0020FD3D /* NewsInteractor.swift in Sources */ = {isa = PBXBuildFile; fileRef = 880396AA206456EE0020FD3D /* NewsInteractor.swift */; };
		880396AD206458500020FD3D /* FeedRouter.swift in Sources */ = {isa = PBXBuildFile; fileRef = 880396AC206458500020FD3D /* FeedRouter.swift */; };
		880396AF2064592A0020FD3D /* NewsRouter.swift in Sources */ = {isa = PBXBuildFile; fileRef = 880396AE2064592A0020FD3D /* NewsRouter.swift */; };
		8815CB13206848A3006F49A8 /* NewsShort.swift in Sources */ = {isa = PBXBuildFile; fileRef = 8815CB12206848A3006F49A8 /* NewsShort.swift */; };
		8815CB15206852D3006F49A8 /* ResponseObject.swift in Sources */ = {isa = PBXBuildFile; fileRef = 8815CB14206852D3006F49A8 /* ResponseObject.swift */; };
		8815CB1720685877006F49A8 /* PublicationDate.swift in Sources */ = {isa = PBXBuildFile; fileRef = 8815CB1620685877006F49A8 /* PublicationDate.swift */; };
		8815CB19206859CA006F49A8 /* NewsContent.swift in Sources */ = {isa = PBXBuildFile; fileRef = 8815CB18206859CA006F49A8 /* NewsContent.swift */; };
		8815CB1B20685DC6006F49A8 /* NewsLoadService.swift in Sources */ = {isa = PBXBuildFile; fileRef = 8815CB1A20685DC6006F49A8 /* NewsLoadService.swift */; };
		8831B50D2061962B00731C34 /* Tinkoff_News.xcdatamodeld in Sources */ = {isa = PBXBuildFile; fileRef = 8831B50B2061962B00731C34 /* Tinkoff_News.xcdatamodeld */; };
		8831B528206198B000731C34 /* AppDelegate.swift in Sources */ = {isa = PBXBuildFile; fileRef = 8831B51D206198B000731C34 /* AppDelegate.swift */; };
		8831B529206198B000731C34 /* FeedViewController.swift in Sources */ = {isa = PBXBuildFile; fileRef = 8831B521206198B000731C34 /* FeedViewController.swift */; };
		8831B52A206198B000731C34 /* Assets.xcassets in Resources */ = {isa = PBXBuildFile; fileRef = 8831B523206198B000731C34 /* Assets.xcassets */; };
		8831B52B206198B000731C34 /* LaunchScreen.storyboard in Resources */ = {isa = PBXBuildFile; fileRef = 8831B524206198B000731C34 /* LaunchScreen.storyboard */; };
		8831B52C206198B000731C34 /* Main.storyboard in Resources */ = {isa = PBXBuildFile; fileRef = 8831B526206198B000731C34 /* Main.storyboard */; };
		8831B52F2061999700731C34 /* NewsViewController.swift in Sources */ = {isa = PBXBuildFile; fileRef = 8831B52E2061999700731C34 /* NewsViewController.swift */; };
		8836ECC22069871500D710D2 /* FeedItemCollectionViewCell.swift in Sources */ = {isa = PBXBuildFile; fileRef = 8836ECC02069871500D710D2 /* FeedItemCollectionViewCell.swift */; };
		8836ECC32069871500D710D2 /* FeedItemCollectionViewCell.xib in Resources */ = {isa = PBXBuildFile; fileRef = 8836ECC12069871500D710D2 /* FeedItemCollectionViewCell.xib */; };
		8836ECC520698BA600D710D2 /* StringCalculateHeightProtocol.swift in Sources */ = {isa = PBXBuildFile; fileRef = 8836ECC420698BA600D710D2 /* StringCalculateHeightProtocol.swift */; };
		8836ECC7206990BF00D710D2 /* FeedCollectionViewDataSource.swift in Sources */ = {isa = PBXBuildFile; fileRef = 8836ECC6206990BF00D710D2 /* FeedCollectionViewDataSource.swift */; };
		8877984C20665E44006F1B8E /* Constants.swift in Sources */ = {isa = PBXBuildFile; fileRef = 8877984B20665E44006F1B8E /* Constants.swift */; };
		8877984E20666006006F1B8E /* RequestManager.swift in Sources */ = {isa = PBXBuildFile; fileRef = 8877984D20666006006F1B8E /* RequestManager.swift */; };
		88CC0E83206FB98D0055496D /* PagingItemCollectionViewCell.swift in Sources */ = {isa = PBXBuildFile; fileRef = 88CC0E81206FB98D0055496D /* PagingItemCollectionViewCell.swift */; };
		88CC0E84206FB98D0055496D /* PagingItemCollectionViewCell.xib in Resources */ = {isa = PBXBuildFile; fileRef = 88CC0E82206FB98D0055496D /* PagingItemCollectionViewCell.xib */; };
		88D9941A2068130400B96885 /* FeedLoadService.swift in Sources */ = {isa = PBXBuildFile; fileRef = 88D994192068130400B96885 /* FeedLoadService.swift */; };
		88D9941D20682CC000B96885 /* ResponseObjects.swift in Sources */ = {isa = PBXBuildFile; fileRef = 88D9941C20682CC000B96885 /* ResponseObjects.swift */; };
/* End PBXBuildFile section */

/* Begin PBXFileReference section */
		8803969520644D780020FD3D /* FeedConfigurator.swift */ = {isa = PBXFileReference; lastKnownFileType = sourcecode.swift; path = FeedConfigurator.swift; sourceTree = "<group>"; };
		8803969720644D8B0020FD3D /* FeedInteractor.swift */ = {isa = PBXFileReference; lastKnownFileType = sourcecode.swift; path = FeedInteractor.swift; sourceTree = "<group>"; };
		8803969920644D9C0020FD3D /* FeedPresenter.swift */ = {isa = PBXFileReference; lastKnownFileType = sourcecode.swift; path = FeedPresenter.swift; sourceTree = "<group>"; };
		880396A6206456D40020FD3D /* NewsConfigurator.swift */ = {isa = PBXFileReference; lastKnownFileType = sourcecode.swift; path = NewsConfigurator.swift; sourceTree = "<group>"; };
		880396A8206456E10020FD3D /* NewsPresenter.swift */ = {isa = PBXFileReference; lastKnownFileType = sourcecode.swift; path = NewsPresenter.swift; sourceTree = "<group>"; };
		880396AA206456EE0020FD3D /* NewsInteractor.swift */ = {isa = PBXFileReference; lastKnownFileType = sourcecode.swift; path = NewsInteractor.swift; sourceTree = "<group>"; };
		880396AC206458500020FD3D /* FeedRouter.swift */ = {isa = PBXFileReference; lastKnownFileType = sourcecode.swift; path = FeedRouter.swift; sourceTree = "<group>"; };
		880396AE2064592A0020FD3D /* NewsRouter.swift */ = {isa = PBXFileReference; lastKnownFileType = sourcecode.swift; path = NewsRouter.swift; sourceTree = "<group>"; };
		8815CB12206848A3006F49A8 /* NewsShort.swift */ = {isa = PBXFileReference; lastKnownFileType = sourcecode.swift; path = NewsShort.swift; sourceTree = "<group>"; };
		8815CB14206852D3006F49A8 /* ResponseObject.swift */ = {isa = PBXFileReference; lastKnownFileType = sourcecode.swift; path = ResponseObject.swift; sourceTree = "<group>"; };
		8815CB1620685877006F49A8 /* PublicationDate.swift */ = {isa = PBXFileReference; lastKnownFileType = sourcecode.swift; path = PublicationDate.swift; sourceTree = "<group>"; };
		8815CB18206859CA006F49A8 /* NewsContent.swift */ = {isa = PBXFileReference; lastKnownFileType = sourcecode.swift; path = NewsContent.swift; sourceTree = "<group>"; };
		8815CB1A20685DC6006F49A8 /* NewsLoadService.swift */ = {isa = PBXFileReference; lastKnownFileType = sourcecode.swift; path = NewsLoadService.swift; sourceTree = "<group>"; };
		8831B5012061962B00731C34 /* Tinkoff News.app */ = {isa = PBXFileReference; explicitFileType = wrapper.application; includeInIndex = 0; path = "Tinkoff News.app"; sourceTree = BUILT_PRODUCTS_DIR; };
		8831B50C2061962B00731C34 /* Tinkoff_News.xcdatamodel */ = {isa = PBXFileReference; lastKnownFileType = wrapper.xcdatamodel; path = Tinkoff_News.xcdatamodel; sourceTree = "<group>"; };
		8831B5132061962B00731C34 /* Info.plist */ = {isa = PBXFileReference; lastKnownFileType = text.plist.xml; path = Info.plist; sourceTree = "<group>"; };
		8831B51D206198B000731C34 /* AppDelegate.swift */ = {isa = PBXFileReference; fileEncoding = 4; lastKnownFileType = sourcecode.swift; path = AppDelegate.swift; sourceTree = "<group>"; };
		8831B521206198B000731C34 /* FeedViewController.swift */ = {isa = PBXFileReference; fileEncoding = 4; lastKnownFileType = sourcecode.swift; path = FeedViewController.swift; sourceTree = "<group>"; };
		8831B523206198B000731C34 /* Assets.xcassets */ = {isa = PBXFileReference; lastKnownFileType = folder.assetcatalog; path = Assets.xcassets; sourceTree = "<group>"; };
		8831B525206198B000731C34 /* Base */ = {isa = PBXFileReference; lastKnownFileType = file.storyboard; name = Base; path = Base.lproj/LaunchScreen.storyboard; sourceTree = "<group>"; };
		8831B527206198B000731C34 /* Base */ = {isa = PBXFileReference; lastKnownFileType = file.storyboard; name = Base; path = Base.lproj/Main.storyboard; sourceTree = "<group>"; };
		8831B52E2061999700731C34 /* NewsViewController.swift */ = {isa = PBXFileReference; lastKnownFileType = sourcecode.swift; path = NewsViewController.swift; sourceTree = "<group>"; };
		8836ECC02069871500D710D2 /* FeedItemCollectionViewCell.swift */ = {isa = PBXFileReference; lastKnownFileType = sourcecode.swift; path = FeedItemCollectionViewCell.swift; sourceTree = "<group>"; };
		8836ECC12069871500D710D2 /* FeedItemCollectionViewCell.xib */ = {isa = PBXFileReference; lastKnownFileType = file.xib; path = FeedItemCollectionViewCell.xib; sourceTree = "<group>"; };
		8836ECC420698BA600D710D2 /* StringCalculateHeightProtocol.swift */ = {isa = PBXFileReference; lastKnownFileType = sourcecode.swift; path = StringCalculateHeightProtocol.swift; sourceTree = "<group>"; };
		8836ECC6206990BF00D710D2 /* FeedCollectionViewDataSource.swift */ = {isa = PBXFileReference; lastKnownFileType = sourcecode.swift; path = FeedCollectionViewDataSource.swift; sourceTree = "<group>"; };
		8877984B20665E44006F1B8E /* Constants.swift */ = {isa = PBXFileReference; lastKnownFileType = sourcecode.swift; path = Constants.swift; sourceTree = "<group>"; };
		8877984D20666006006F1B8E /* RequestManager.swift */ = {isa = PBXFileReference; lastKnownFileType = sourcecode.swift; path = RequestManager.swift; sourceTree = "<group>"; };
		88CC0E81206FB98D0055496D /* PagingItemCollectionViewCell.swift */ = {isa = PBXFileReference; lastKnownFileType = sourcecode.swift; path = PagingItemCollectionViewCell.swift; sourceTree = "<group>"; };
		88CC0E82206FB98D0055496D /* PagingItemCollectionViewCell.xib */ = {isa = PBXFileReference; lastKnownFileType = file.xib; path = PagingItemCollectionViewCell.xib; sourceTree = "<group>"; };
		88D994192068130400B96885 /* FeedLoadService.swift */ = {isa = PBXFileReference; lastKnownFileType = sourcecode.swift; path = FeedLoadService.swift; sourceTree = "<group>"; };
		88D9941C20682CC000B96885 /* ResponseObjects.swift */ = {isa = PBXFileReference; lastKnownFileType = sourcecode.swift; path = ResponseObjects.swift; sourceTree = "<group>"; };
/* End PBXFileReference section */

/* Begin PBXFrameworksBuildPhase section */
		8831B4FE2061962B00731C34 /* Frameworks */ = {
			isa = PBXFrameworksBuildPhase;
			buildActionMask = 2147483647;
			files = (
			);
			runOnlyForDeploymentPostprocessing = 0;
		};
/* End PBXFrameworksBuildPhase section */

/* Begin PBXGroup section */
		880396A2206456790020FD3D /* Common */ = {
			isa = PBXGroup;
			children = (
				8877984B20665E44006F1B8E /* Constants.swift */,
				880396A4206456790020FD3D /* Protocols */,
				880396A5206456790020FD3D /* Helpers */,
				88D9941B20682CB500B96885 /* Model */,
				880396A3206456790020FD3D /* Views */,
				8877984A20665D91006F1B8E /* Services */,
			);
			path = Common;
			sourceTree = "<group>";
		};
		880396A3206456790020FD3D /* Views */ = {
			isa = PBXGroup;
			children = (
			);
			path = Views;
			sourceTree = "<group>";
		};
		880396A4206456790020FD3D /* Protocols */ = {
			isa = PBXGroup;
			children = (
				8836ECC420698BA600D710D2 /* StringCalculateHeightProtocol.swift */,
			);
			path = Protocols;
			sourceTree = "<group>";
		};
		880396A5206456790020FD3D /* Helpers */ = {
			isa = PBXGroup;
			children = (
				8877984D20666006006F1B8E /* RequestManager.swift */,
			);
			path = Helpers;
			sourceTree = "<group>";
		};
		8831B4F82061962B00731C34 = {
			isa = PBXGroup;
			children = (
				8831B5032061962B00731C34 /* Tinkoff News */,
				8831B5022061962B00731C34 /* Products */,
			);
			sourceTree = "<group>";
		};
		8831B5022061962B00731C34 /* Products */ = {
			isa = PBXGroup;
			children = (
				8831B5012061962B00731C34 /* Tinkoff News.app */,
			);
			name = Products;
			sourceTree = "<group>";
		};
		8831B5032061962B00731C34 /* Tinkoff News */ = {
			isa = PBXGroup;
			children = (
				8831B519206198B000731C34 /* Source */,
				8831B522206198B000731C34 /* Resources */,
				8831B5132061962B00731C34 /* Info.plist */,
				8831B50B2061962B00731C34 /* Tinkoff_News.xcdatamodeld */,
			);
			path = "Tinkoff News";
			sourceTree = "<group>";
		};
		8831B519206198B000731C34 /* Source */ = {
			isa = PBXGroup;
			children = (
				8831B51D206198B000731C34 /* AppDelegate.swift */,
				880396A2206456790020FD3D /* Common */,
				8831B51E206198B000731C34 /* Modules */,
			);
			path = Source;
			sourceTree = "<group>";
		};
		8831B51E206198B000731C34 /* Modules */ = {
			isa = PBXGroup;
			children = (
				8831B520206198B000731C34 /* Feed */,
				8831B51F206198B000731C34 /* News */,
			);
			path = Modules;
			sourceTree = "<group>";
		};
		8831B51F206198B000731C34 /* News */ = {
			isa = PBXGroup;
			children = (
				8831B52E2061999700731C34 /* NewsViewController.swift */,
				880396A6206456D40020FD3D /* NewsConfigurator.swift */,
				880396AE2064592A0020FD3D /* NewsRouter.swift */,
				880396A8206456E10020FD3D /* NewsPresenter.swift */,
				880396AA206456EE0020FD3D /* NewsInteractor.swift */,
				8836ECBF2069868600D710D2 /* Views */,
			);
			path = News;
			sourceTree = "<group>";
		};
		8831B520206198B000731C34 /* Feed */ = {
			isa = PBXGroup;
			children = (
				8831B521206198B000731C34 /* FeedViewController.swift */,
				8803969520644D780020FD3D /* FeedConfigurator.swift */,
				880396AC206458500020FD3D /* FeedRouter.swift */,
				8803969920644D9C0020FD3D /* FeedPresenter.swift */,
				8803969720644D8B0020FD3D /* FeedInteractor.swift */,
				8836ECC6206990BF00D710D2 /* FeedCollectionViewDataSource.swift */,
				8836ECBE2069866800D710D2 /* Views */,
			);
			path = Feed;
			sourceTree = "<group>";
		};
		8831B522206198B000731C34 /* Resources */ = {
			isa = PBXGroup;
			children = (
				8831B523206198B000731C34 /* Assets.xcassets */,
				8831B524206198B000731C34 /* LaunchScreen.storyboard */,
				8831B526206198B000731C34 /* Main.storyboard */,
			);
			path = Resources;
			sourceTree = "<group>";
		};
		8836ECBE2069866800D710D2 /* Views */ = {
			isa = PBXGroup;
			children = (
				88CC0E7B206FB5F50055496D /* FeedItem */,
				88CC0E80206FB6550055496D /* PagingItem */,
			);
			path = Views;
			sourceTree = "<group>";
		};
		8836ECBF2069868600D710D2 /* Views */ = {
			isa = PBXGroup;
			children = (
			);
			path = Views;
			sourceTree = "<group>";
		};
		8877984A20665D91006F1B8E /* Services */ = {
			isa = PBXGroup;
			children = (
				88D994192068130400B96885 /* FeedLoadService.swift */,
				8815CB1A20685DC6006F49A8 /* NewsLoadService.swift */,
			);
			path = Services;
			sourceTree = "<group>";
		};
		88CC0E7B206FB5F50055496D /* FeedItem */ = {
			isa = PBXGroup;
			children = (
				8836ECC02069871500D710D2 /* FeedItemCollectionViewCell.swift */,
				8836ECC12069871500D710D2 /* FeedItemCollectionViewCell.xib */,
			);
			path = FeedItem;
			sourceTree = "<group>";
		};
		88CC0E80206FB6550055496D /* PagingItem */ = {
			isa = PBXGroup;
			children = (
				88CC0E81206FB98D0055496D /* PagingItemCollectionViewCell.swift */,
				88CC0E82206FB98D0055496D /* PagingItemCollectionViewCell.xib */,
			);
			path = PagingItem;
			sourceTree = "<group>";
		};
		88D9941B20682CB500B96885 /* Model */ = {
			isa = PBXGroup;
			children = (
				88D9941C20682CC000B96885 /* ResponseObjects.swift */,
				8815CB14206852D3006F49A8 /* ResponseObject.swift */,
				8815CB1620685877006F49A8 /* PublicationDate.swift */,
				8815CB12206848A3006F49A8 /* NewsShort.swift */,
				8815CB18206859CA006F49A8 /* NewsContent.swift */,
			);
			path = Model;
			sourceTree = "<group>";
		};
/* End PBXGroup section */

/* Begin PBXNativeTarget section */
		8831B5002061962B00731C34 /* Tinkoff News */ = {
			isa = PBXNativeTarget;
			buildConfigurationList = 8831B5162061962B00731C34 /* Build configuration list for PBXNativeTarget "Tinkoff News" */;
			buildPhases = (
				8831B4FD2061962B00731C34 /* Sources */,
				8831B4FE2061962B00731C34 /* Frameworks */,
				8831B4FF2061962B00731C34 /* Resources */,
			);
			buildRules = (
			);
			dependencies = (
			);
			name = "Tinkoff News";
			productName = "Tinkoff News";
			productReference = 8831B5012061962B00731C34 /* Tinkoff News.app */;
			productType = "com.apple.product-type.application";
		};
/* End PBXNativeTarget section */

/* Begin PBXProject section */
		8831B4F92061962B00731C34 /* Project object */ = {
			isa = PBXProject;
			attributes = {
				LastSwiftUpdateCheck = 0920;
				LastUpgradeCheck = 0920;
				ORGANIZATIONNAME = "Ольга Шиленко";
				TargetAttributes = {
					8831B5002061962B00731C34 = {
						CreatedOnToolsVersion = 9.2;
						ProvisioningStyle = Automatic;
					};
				};
			};
			buildConfigurationList = 8831B4FC2061962B00731C34 /* Build configuration list for PBXProject "Tinkoff News" */;
			compatibilityVersion = "Xcode 8.0";
			developmentRegion = en;
			hasScannedForEncodings = 0;
			knownRegions = (
				en,
				Base,
			);
			mainGroup = 8831B4F82061962B00731C34;
			productRefGroup = 8831B5022061962B00731C34 /* Products */;
			projectDirPath = "";
			projectRoot = "";
			targets = (
				8831B5002061962B00731C34 /* Tinkoff News */,
			);
		};
/* End PBXProject section */

/* Begin PBXResourcesBuildPhase section */
		8831B4FF2061962B00731C34 /* Resources */ = {
			isa = PBXResourcesBuildPhase;
			buildActionMask = 2147483647;
			files = (
				8831B52C206198B000731C34 /* Main.storyboard in Resources */,
				8836ECC32069871500D710D2 /* FeedItemCollectionViewCell.xib in Resources */,
				8831B52A206198B000731C34 /* Assets.xcassets in Resources */,
				88CC0E84206FB98D0055496D /* PagingItemCollectionViewCell.xib in Resources */,
				8831B52B206198B000731C34 /* LaunchScreen.storyboard in Resources */,
			);
			runOnlyForDeploymentPostprocessing = 0;
		};
/* End PBXResourcesBuildPhase section */

/* Begin PBXSourcesBuildPhase section */
		8831B4FD2061962B00731C34 /* Sources */ = {
			isa = PBXSourcesBuildPhase;
			buildActionMask = 2147483647;
			files = (
				8831B528206198B000731C34 /* AppDelegate.swift in Sources */,
				880396AF2064592A0020FD3D /* NewsRouter.swift in Sources */,
				880396A7206456D40020FD3D /* NewsConfigurator.swift in Sources */,
				8836ECC520698BA600D710D2 /* StringCalculateHeightProtocol.swift in Sources */,
				8831B529206198B000731C34 /* FeedViewController.swift in Sources */,
				880396AB206456EE0020FD3D /* NewsInteractor.swift in Sources */,
				8803969820644D8B0020FD3D /* FeedInteractor.swift in Sources */,
				880396AD206458500020FD3D /* FeedRouter.swift in Sources */,
				8815CB15206852D3006F49A8 /* ResponseObject.swift in Sources */,
				8877984C20665E44006F1B8E /* Constants.swift in Sources */,
				88D9941D20682CC000B96885 /* ResponseObjects.swift in Sources */,
				8836ECC22069871500D710D2 /* FeedItemCollectionViewCell.swift in Sources */,
				8831B50D2061962B00731C34 /* Tinkoff_News.xcdatamodeld in Sources */,
				88D9941A2068130400B96885 /* FeedLoadService.swift in Sources */,
				8803969620644D780020FD3D /* FeedConfigurator.swift in Sources */,
				8836ECC7206990BF00D710D2 /* FeedCollectionViewDataSource.swift in Sources */,
				880396A9206456E10020FD3D /* NewsPresenter.swift in Sources */,
				8877984E20666006006F1B8E /* RequestManager.swift in Sources */,
				8815CB13206848A3006F49A8 /* NewsShort.swift in Sources */,
				8815CB1720685877006F49A8 /* PublicationDate.swift in Sources */,
				8815CB19206859CA006F49A8 /* NewsContent.swift in Sources */,
				88CC0E83206FB98D0055496D /* PagingItemCollectionViewCell.swift in Sources */,
				8803969A20644D9C0020FD3D /* FeedPresenter.swift in Sources */,
				8815CB1B20685DC6006F49A8 /* NewsLoadService.swift in Sources */,
				8831B52F2061999700731C34 /* NewsViewController.swift in Sources */,
			);
			runOnlyForDeploymentPostprocessing = 0;
		};
/* End PBXSourcesBuildPhase section */

/* Begin PBXVariantGroup section */
		8831B524206198B000731C34 /* LaunchScreen.storyboard */ = {
			isa = PBXVariantGroup;
			children = (
				8831B525206198B000731C34 /* Base */,
			);
			name = LaunchScreen.storyboard;
			sourceTree = "<group>";
		};
		8831B526206198B000731C34 /* Main.storyboard */ = {
			isa = PBXVariantGroup;
			children = (
				8831B527206198B000731C34 /* Base */,
			);
			name = Main.storyboard;
			sourceTree = "<group>";
		};
/* End PBXVariantGroup section */

/* Begin XCBuildConfiguration section */
		8831B5142061962B00731C34 /* Debug */ = {
			isa = XCBuildConfiguration;
			buildSettings = {
				ALWAYS_SEARCH_USER_PATHS = NO;
				CLANG_ANALYZER_NONNULL = YES;
				CLANG_ANALYZER_NUMBER_OBJECT_CONVERSION = YES_AGGRESSIVE;
				CLANG_CXX_LANGUAGE_STANDARD = "gnu++14";
				CLANG_CXX_LIBRARY = "libc++";
				CLANG_ENABLE_MODULES = YES;
				CLANG_ENABLE_OBJC_ARC = YES;
				CLANG_WARN_BLOCK_CAPTURE_AUTORELEASING = YES;
				CLANG_WARN_BOOL_CONVERSION = YES;
				CLANG_WARN_COMMA = YES;
				CLANG_WARN_CONSTANT_CONVERSION = YES;
				CLANG_WARN_DIRECT_OBJC_ISA_USAGE = YES_ERROR;
				CLANG_WARN_DOCUMENTATION_COMMENTS = YES;
				CLANG_WARN_EMPTY_BODY = YES;
				CLANG_WARN_ENUM_CONVERSION = YES;
				CLANG_WARN_INFINITE_RECURSION = YES;
				CLANG_WARN_INT_CONVERSION = YES;
				CLANG_WARN_NON_LITERAL_NULL_CONVERSION = YES;
				CLANG_WARN_OBJC_LITERAL_CONVERSION = YES;
				CLANG_WARN_OBJC_ROOT_CLASS = YES_ERROR;
				CLANG_WARN_RANGE_LOOP_ANALYSIS = YES;
				CLANG_WARN_STRICT_PROTOTYPES = YES;
				CLANG_WARN_SUSPICIOUS_MOVE = YES;
				CLANG_WARN_UNGUARDED_AVAILABILITY = YES_AGGRESSIVE;
				CLANG_WARN_UNREACHABLE_CODE = YES;
				CLANG_WARN__DUPLICATE_METHOD_MATCH = YES;
				CODE_SIGN_IDENTITY = "iPhone Developer";
				COPY_PHASE_STRIP = NO;
				DEBUG_INFORMATION_FORMAT = dwarf;
				ENABLE_STRICT_OBJC_MSGSEND = YES;
				ENABLE_TESTABILITY = YES;
				GCC_C_LANGUAGE_STANDARD = gnu11;
				GCC_DYNAMIC_NO_PIC = NO;
				GCC_NO_COMMON_BLOCKS = YES;
				GCC_OPTIMIZATION_LEVEL = 0;
				GCC_PREPROCESSOR_DEFINITIONS = (
					"DEBUG=1",
					"$(inherited)",
				);
				GCC_WARN_64_TO_32_BIT_CONVERSION = YES;
				GCC_WARN_ABOUT_RETURN_TYPE = YES_ERROR;
				GCC_WARN_UNDECLARED_SELECTOR = YES;
				GCC_WARN_UNINITIALIZED_AUTOS = YES_AGGRESSIVE;
				GCC_WARN_UNUSED_FUNCTION = YES;
				GCC_WARN_UNUSED_VARIABLE = YES;
				IPHONEOS_DEPLOYMENT_TARGET = 11.2;
				MTL_ENABLE_DEBUG_INFO = YES;
				ONLY_ACTIVE_ARCH = YES;
				SDKROOT = iphoneos;
				SWIFT_ACTIVE_COMPILATION_CONDITIONS = DEBUG;
				SWIFT_OPTIMIZATION_LEVEL = "-Onone";
			};
			name = Debug;
		};
		8831B5152061962B00731C34 /* Release */ = {
			isa = XCBuildConfiguration;
			buildSettings = {
				ALWAYS_SEARCH_USER_PATHS = NO;
				CLANG_ANALYZER_NONNULL = YES;
				CLANG_ANALYZER_NUMBER_OBJECT_CONVERSION = YES_AGGRESSIVE;
				CLANG_CXX_LANGUAGE_STANDARD = "gnu++14";
				CLANG_CXX_LIBRARY = "libc++";
				CLANG_ENABLE_MODULES = YES;
				CLANG_ENABLE_OBJC_ARC = YES;
				CLANG_WARN_BLOCK_CAPTURE_AUTORELEASING = YES;
				CLANG_WARN_BOOL_CONVERSION = YES;
				CLANG_WARN_COMMA = YES;
				CLANG_WARN_CONSTANT_CONVERSION = YES;
				CLANG_WARN_DIRECT_OBJC_ISA_USAGE = YES_ERROR;
				CLANG_WARN_DOCUMENTATION_COMMENTS = YES;
				CLANG_WARN_EMPTY_BODY = YES;
				CLANG_WARN_ENUM_CONVERSION = YES;
				CLANG_WARN_INFINITE_RECURSION = YES;
				CLANG_WARN_INT_CONVERSION = YES;
				CLANG_WARN_NON_LITERAL_NULL_CONVERSION = YES;
				CLANG_WARN_OBJC_LITERAL_CONVERSION = YES;
				CLANG_WARN_OBJC_ROOT_CLASS = YES_ERROR;
				CLANG_WARN_RANGE_LOOP_ANALYSIS = YES;
				CLANG_WARN_STRICT_PROTOTYPES = YES;
				CLANG_WARN_SUSPICIOUS_MOVE = YES;
				CLANG_WARN_UNGUARDED_AVAILABILITY = YES_AGGRESSIVE;
				CLANG_WARN_UNREACHABLE_CODE = YES;
				CLANG_WARN__DUPLICATE_METHOD_MATCH = YES;
				CODE_SIGN_IDENTITY = "iPhone Developer";
				COPY_PHASE_STRIP = NO;
				DEBUG_INFORMATION_FORMAT = "dwarf-with-dsym";
				ENABLE_NS_ASSERTIONS = NO;
				ENABLE_STRICT_OBJC_MSGSEND = YES;
				GCC_C_LANGUAGE_STANDARD = gnu11;
				GCC_NO_COMMON_BLOCKS = YES;
				GCC_WARN_64_TO_32_BIT_CONVERSION = YES;
				GCC_WARN_ABOUT_RETURN_TYPE = YES_ERROR;
				GCC_WARN_UNDECLARED_SELECTOR = YES;
				GCC_WARN_UNINITIALIZED_AUTOS = YES_AGGRESSIVE;
				GCC_WARN_UNUSED_FUNCTION = YES;
				GCC_WARN_UNUSED_VARIABLE = YES;
				IPHONEOS_DEPLOYMENT_TARGET = 11.2;
				MTL_ENABLE_DEBUG_INFO = NO;
				SDKROOT = iphoneos;
				SWIFT_OPTIMIZATION_LEVEL = "-Owholemodule";
				VALIDATE_PRODUCT = YES;
			};
			name = Release;
		};
		8831B5172061962B00731C34 /* Debug */ = {
			isa = XCBuildConfiguration;
			buildSettings = {
				ASSETCATALOG_COMPILER_APPICON_NAME = AppIcon;
				CODE_SIGN_STYLE = Automatic;
				INFOPLIST_FILE = "Tinkoff News/Info.plist";
				LD_RUNPATH_SEARCH_PATHS = "$(inherited) @executable_path/Frameworks";
				PRODUCT_BUNDLE_IDENTIFIER = com.shiko.tinkoff.news;
				PRODUCT_NAME = "$(TARGET_NAME)";
				SWIFT_VERSION = 4.0;
				TARGETED_DEVICE_FAMILY = "1,2";
			};
			name = Debug;
		};
		8831B5182061962B00731C34 /* Release */ = {
			isa = XCBuildConfiguration;
			buildSettings = {
				ASSETCATALOG_COMPILER_APPICON_NAME = AppIcon;
				CODE_SIGN_STYLE = Automatic;
				INFOPLIST_FILE = "Tinkoff News/Info.plist";
				LD_RUNPATH_SEARCH_PATHS = "$(inherited) @executable_path/Frameworks";
				PRODUCT_BUNDLE_IDENTIFIER = com.shiko.tinkoff.news;
				PRODUCT_NAME = "$(TARGET_NAME)";
				SWIFT_VERSION = 4.0;
				TARGETED_DEVICE_FAMILY = "1,2";
			};
			name = Release;
		};
/* End XCBuildConfiguration section */

/* Begin XCConfigurationList section */
		8831B4FC2061962B00731C34 /* Build configuration list for PBXProject "Tinkoff News" */ = {
			isa = XCConfigurationList;
			buildConfigurations = (
				8831B5142061962B00731C34 /* Debug */,
				8831B5152061962B00731C34 /* Release */,
			);
			defaultConfigurationIsVisible = 0;
			defaultConfigurationName = Release;
		};
		8831B5162061962B00731C34 /* Build configuration list for PBXNativeTarget "Tinkoff News" */ = {
			isa = XCConfigurationList;
			buildConfigurations = (
				8831B5172061962B00731C34 /* Debug */,
				8831B5182061962B00731C34 /* Release */,
			);
			defaultConfigurationIsVisible = 0;
			defaultConfigurationName = Release;
		};
/* End XCConfigurationList section */

/* Begin XCVersionGroup section */
		8831B50B2061962B00731C34 /* Tinkoff_News.xcdatamodeld */ = {
			isa = XCVersionGroup;
			children = (
				8831B50C2061962B00731C34 /* Tinkoff_News.xcdatamodel */,
			);
			currentVersion = 8831B50C2061962B00731C34 /* Tinkoff_News.xcdatamodel */;
			path = Tinkoff_News.xcdatamodeld;
			sourceTree = "<group>";
			versionGroupType = wrapper.xcdatamodel;
		};
/* End XCVersionGroup section */
	};
	rootObject = 8831B4F92061962B00731C34 /* Project object */;
}
